
Microsoft Visual Studio Solution File, Format Version 12.00
# Visual Studio Version 16
VisualStudioVersion = 16.0.29318.209
MinimumVisualStudioVersion = 10.0.40219.1
Project("{FAE04EC0-301F-11D3-BF4B-00C04F79EFBC}") = "SecureChatServer", "SecureChatServer\SecureChatServer.csproj", "{DFBE0D8C-E931-466A-9095-9EF5BC22F004}"
EndProject
Project("{FAE04EC0-301F-11D3-BF4B-00C04F79EFBC}") = "SecureChatClient", "SecureChatClient\SecureChatClient.csproj", "{C5CBD7E6-076B-407F-A7FC-51903C0D6419}"
EndProject
Global
	GlobalSection(SolutionConfigurationPlatforms) = preSolution
		Debug|Any CPU = Debug|Any CPU
		Release|Any CPU = Release|Any CPU
	EndGlobalSection
	GlobalSection(ProjectConfigurationPlatforms) = postSolution
		{DFBE0D8C-E931-466A-9095-9EF5BC22F004}.Debug|Any CPU.ActiveCfg = Debug|Any CPU
		{DFBE0D8C-E931-466A-9095-9EF5BC22F004}.Debug|Any CPU.Build.0 = Debug|Any CPU
		{DFBE0D8C-E931-466A-9095-9EF5BC22F004}.Release|Any CPU.ActiveCfg = Release|Any CPU
		{DFBE0D8C-E931-466A-9095-9EF5BC22F004}.Release|Any CPU.Build.0 = Release|Any CPU
		{C5CBD7E6-076B-407F-A7FC-51903C0D6419}.Debug|Any CPU.ActiveCfg = Debug|Any CPU
		{C5CBD7E6-076B-407F-A7FC-51903C0D6419}.Debug|Any CPU.Build.0 = Debug|Any CPU
		{C5CBD7E6-076B-407F-A7FC-51903C0D6419}.Release|Any CPU.ActiveCfg = Release|Any CPU
		{C5CBD7E6-076B-407F-A7FC-51903C0D6419}.Release|Any CPU.Build.0 = Release|Any CPU
	EndGlobalSection
	GlobalSection(SolutionProperties) = preSolution
		HideSolutionNode = FALSE
	EndGlobalSection
	GlobalSection(ExtensibilityGlobals) = postSolution
		SolutionGuid = {14B922F2-0709-47D5-936D-514CCEFD7392}
	EndGlobalSection
EndGlobal
